
Microsoft Visual Studio Solution File, Format Version 12.00
# Visual Studio Version 17
VisualStudioVersion = 17.6.33829.357
MinimumVisualStudioVersion = 10.0.40219.1
Project("{FAE04EC0-301F-11D3-BF4B-00C04F79EFBC}") = "Kiểm tra trắc nghiệm", "Kiểm tra trắc nghiệm\Kiểm tra trắc nghiệm.csproj", "{05F49DBD-1F05-4613-ACF6-C7063A08EB78}"
EndProject
Global
	GlobalSection(SolutionConfigurationPlatforms) = preSolution
		Debug|Any CPU = Debug|Any CPU
		Release|Any CPU = Release|Any CPU
	EndGlobalSection
	GlobalSection(ProjectConfigurationPlatforms) = postSolution
		{05F49DBD-1F05-4613-ACF6-C7063A08EB78}.Debug|Any CPU.ActiveCfg = Debug|Any CPU
		{05F49DBD-1F05-4613-ACF6-C7063A08EB78}.Debug|Any CPU.Build.0 = Debug|Any CPU
		{05F49DBD-1F05-4613-ACF6-C7063A08EB78}.Release|Any CPU.ActiveCfg = Release|Any CPU
		{05F49DBD-1F05-4613-ACF6-C7063A08EB78}.Release|Any CPU.Build.0 = Release|Any CPU
	EndGlobalSection
	GlobalSection(SolutionProperties) = preSolution
		HideSolutionNode = FALSE
	EndGlobalSection
	GlobalSection(ExtensibilityGlobals) = postSolution
		SolutionGuid = {FD0137C3-EE82-4347-AC68-49FA19FF5A9C}
	EndGlobalSection
EndGlobal
